
Microsoft Visual Studio Solution File, Format Version 12.00
# Visual Studio 14
VisualStudioVersion = 14.0.24720.0
MinimumVisualStudioVersion = 10.0.40219.1
Project("{FAE04EC0-301F-11D3-BF4B-00C04F79EFBC}") = "TestAuthNET", "TestAuthNET\TestAuthNET.csproj", "{D95CA241-41AD-4862-A66D-4473DE39B5F9}"
EndProject
Project("{FAE04EC0-301F-11D3-BF4B-00C04F79EFBC}") = "WpfClient", "WpfClient\WpfClient.csproj", "{E04EB061-B035-4683-BBD8-129222F4E5FA}"
EndProject
Global
	GlobalSection(SolutionConfigurationPlatforms) = preSolution
		Debug|Any CPU = Debug|Any CPU
		Release|Any CPU = Release|Any CPU
	EndGlobalSection
	GlobalSection(ProjectConfigurationPlatforms) = postSolution
		{D95CA241-41AD-4862-A66D-4473DE39B5F9}.Debug|Any CPU.ActiveCfg = Debug|Any CPU
		{D95CA241-41AD-4862-A66D-4473DE39B5F9}.Debug|Any CPU.Build.0 = Debug|Any CPU
		{D95CA241-41AD-4862-A66D-4473DE39B5F9}.Release|Any CPU.ActiveCfg = Release|Any CPU
		{D95CA241-41AD-4862-A66D-4473DE39B5F9}.Release|Any CPU.Build.0 = Release|Any CPU
		{E04EB061-B035-4683-BBD8-129222F4E5FA}.Debug|Any CPU.ActiveCfg = Debug|Any CPU
		{E04EB061-B035-4683-BBD8-129222F4E5FA}.Debug|Any CPU.Build.0 = Debug|Any CPU
		{E04EB061-B035-4683-BBD8-129222F4E5FA}.Release|Any CPU.ActiveCfg = Release|Any CPU
		{E04EB061-B035-4683-BBD8-129222F4E5FA}.Release|Any CPU.Build.0 = Release|Any CPU
	EndGlobalSection
	GlobalSection(SolutionProperties) = preSolution
		HideSolutionNode = FALSE
	EndGlobalSection
EndGlobal
